// !$*UTF8*$!
{
	archiveVersion = 1;
	classes = {
	};
	objectVersion = 46;
	objects = {

/* Begin PBXBuildFile section */
		074BA4CE1949FC51007C8CA0 /* MeViewController.m in Sources */ = {isa = PBXBuildFile; fileRef = 074BA4CD1949FC51007C8CA0 /* MeViewController.m */; };
		074F09E01948AAE700DD8FA7 /* Foundation.framework in Frameworks */ = {isa = PBXBuildFile; fileRef = 074F09DF1948AAE700DD8FA7 /* Foundation.framework */; };
		074F09E21948AAE700DD8FA7 /* CoreGraphics.framework in Frameworks */ = {isa = PBXBuildFile; fileRef = 074F09E11948AAE700DD8FA7 /* CoreGraphics.framework */; };
		074F09E41948AAE700DD8FA7 /* UIKit.framework in Frameworks */ = {isa = PBXBuildFile; fileRef = 074F09E31948AAE700DD8FA7 /* UIKit.framework */; };
		074F09EA1948AAE700DD8FA7 /* InfoPlist.strings in Resources */ = {isa = PBXBuildFile; fileRef = 074F09E81948AAE700DD8FA7 /* InfoPlist.strings */; };
		074F09EC1948AAE700DD8FA7 /* main.m in Sources */ = {isa = PBXBuildFile; fileRef = 074F09EB1948AAE700DD8FA7 /* main.m */; };
		074F09F01948AAE700DD8FA7 /* AppDelegate.m in Sources */ = {isa = PBXBuildFile; fileRef = 074F09EF1948AAE700DD8FA7 /* AppDelegate.m */; };
		074F09F31948AAE700DD8FA7 /* Main.storyboard in Resources */ = {isa = PBXBuildFile; fileRef = 074F09F11948AAE700DD8FA7 /* Main.storyboard */; };
		074F09FB1948AAE700DD8FA7 /* Images.xcassets in Resources */ = {isa = PBXBuildFile; fileRef = 074F09FA1948AAE700DD8FA7 /* Images.xcassets */; };
		074F0A1C1948ABAB00DD8FA7 /* TopicViewController.m in Sources */ = {isa = PBXBuildFile; fileRef = 074F0A191948ABAB00DD8FA7 /* TopicViewController.m */; };
		074F0A1D1948ABAB00DD8FA7 /* ContactsViewController.m in Sources */ = {isa = PBXBuildFile; fileRef = 074F0A1B1948ABAB00DD8FA7 /* ContactsViewController.m */; };
		074F0A201948ABE100DD8FA7 /* BaseViewController.m in Sources */ = {isa = PBXBuildFile; fileRef = 074F0A1F1948ABE100DD8FA7 /* BaseViewController.m */; };
		07583D2B195EFAF700E6C446 /* validation.m in Sources */ = {isa = PBXBuildFile; fileRef = 07583D2A195EFAF700E6C446 /* validation.m */; };
		07583D48195F01A400E6C446 /* JSONModel+CoreData.m in Sources */ = {isa = PBXBuildFile; fileRef = 07583D2F195F01A400E6C446 /* JSONModel+CoreData.m */; };
		07583D49195F01A400E6C446 /* JSONModel.m in Sources */ = {isa = PBXBuildFile; fileRef = 07583D31195F01A400E6C446 /* JSONModel.m */; };
		07583D4A195F01A400E6C446 /* JSONModelArray.m in Sources */ = {isa = PBXBuildFile; fileRef = 07583D33195F01A400E6C446 /* JSONModelArray.m */; };
		07583D4B195F01A400E6C446 /* JSONModelClassProperty.m in Sources */ = {isa = PBXBuildFile; fileRef = 07583D35195F01A400E6C446 /* JSONModelClassProperty.m */; };
		07583D4C195F01A400E6C446 /* JSONModelError.m in Sources */ = {isa = PBXBuildFile; fileRef = 07583D37195F01A400E6C446 /* JSONModelError.m */; };
		07583D4D195F01A400E6C446 /* NSArray+JSONModel.m in Sources */ = {isa = PBXBuildFile; fileRef = 07583D3A195F01A400E6C446 /* NSArray+JSONModel.m */; };
		07583D4E195F01A400E6C446 /* JSONAPI.m in Sources */ = {isa = PBXBuildFile; fileRef = 07583D3E195F01A400E6C446 /* JSONAPI.m */; };
		07583D4F195F01A400E6C446 /* JSONHTTPClient.m in Sources */ = {isa = PBXBuildFile; fileRef = 07583D40195F01A400E6C446 /* JSONHTTPClient.m */; };
		07583D50195F01A400E6C446 /* JSONModel+networking.m in Sources */ = {isa = PBXBuildFile; fileRef = 07583D42195F01A400E6C446 /* JSONModel+networking.m */; };
		07583D51195F01A400E6C446 /* JSONKeyMapper.m in Sources */ = {isa = PBXBuildFile; fileRef = 07583D45195F01A400E6C446 /* JSONKeyMapper.m */; };
		07583D52195F01A400E6C446 /* JSONValueTransformer.m in Sources */ = {isa = PBXBuildFile; fileRef = 07583D47195F01A400E6C446 /* JSONValueTransformer.m */; };
		07583D57195F025900E6C446 /* BaseModel.m in Sources */ = {isa = PBXBuildFile; fileRef = 07583D56195F025900E6C446 /* BaseModel.m */; };
		07583D5A195F027400E6C446 /* BaseBusiness.m in Sources */ = {isa = PBXBuildFile; fileRef = 07583D59195F027400E6C446 /* BaseBusiness.m */; };
		07B2C7EC194A8EEE00F235B5 /* AMAlertView.m in Sources */ = {isa = PBXBuildFile; fileRef = 07B2C7E7194A8EEE00F235B5 /* AMAlertView.m */; };
		07B2C7ED194A8EEE00F235B5 /* UIView+Toast.m in Sources */ = {isa = PBXBuildFile; fileRef = 07B2C7E9194A8EEE00F235B5 /* UIView+Toast.m */; };
		07B2C7EE194A8EEE00F235B5 /* UIViewExt.m in Sources */ = {isa = PBXBuildFile; fileRef = 07B2C7EB194A8EEE00F235B5 /* UIViewExt.m */; };
		07B2C7F2194A8F4D00F235B5 /* MBProgressHUD.m in Sources */ = {isa = PBXBuildFile; fileRef = 07B2C7F1194A8F4D00F235B5 /* MBProgressHUD.m */; };
		07B2C7F5194A8F8200F235B5 /* PGToast.m in Sources */ = {isa = PBXBuildFile; fileRef = 07B2C7F4194A8F8200F235B5 /* PGToast.m */; };
		07B2C7F8194ADD3E00F235B5 /* ReferMeTableViewController.m in Sources */ = {isa = PBXBuildFile; fileRef = 07B2C7F7194ADD3E00F235B5 /* ReferMeTableViewController.m */; };
		07B2C7FB194AE80800F235B5 /* UIViewControllerEx.m in Sources */ = {isa = PBXBuildFile; fileRef = 07B2C7FA194AE80800F235B5 /* UIViewControllerEx.m */; };
		07B2C7FE194AEB4E00F235B5 /* LoginViewController.m in Sources */ = {isa = PBXBuildFile; fileRef = 07B2C7FD194AEB4E00F235B5 /* LoginViewController.m */; };
		07B2C801194AEB7C00F235B5 /* Regist1ViewController.m in Sources */ = {isa = PBXBuildFile; fileRef = 07B2C800194AEB7C00F235B5 /* Regist1ViewController.m */; };
		07B2C804194AEB9400F235B5 /* Regist2ViewController.m in Sources */ = {isa = PBXBuildFile; fileRef = 07B2C803194AEB9400F235B5 /* Regist2ViewController.m */; };
		07B2C807194AF17C00F235B5 /* GlobalVariables.m in Sources */ = {isa = PBXBuildFile; fileRef = 07B2C806194AF17C00F235B5 /* GlobalVariables.m */; };
/* End PBXBuildFile section */

/* Begin PBXFileReference section */
		074BA4CC1949FC51007C8CA0 /* MeViewController.h */ = {isa = PBXFileReference; fileEncoding = 4; lastKnownFileType = sourcecode.c.h; path = MeViewController.h; sourceTree = "<group>"; };
		074BA4CD1949FC51007C8CA0 /* MeViewController.m */ = {isa = PBXFileReference; fileEncoding = 4; lastKnownFileType = sourcecode.c.objc; path = MeViewController.m; sourceTree = "<group>"; };
		074F09DC1948AAE700DD8FA7 /* mba.app */ = {isa = PBXFileReference; explicitFileType = wrapper.application; includeInIndex = 0; path = mba.app; sourceTree = BUILT_PRODUCTS_DIR; };
		074F09DF1948AAE700DD8FA7 /* Foundation.framework */ = {isa = PBXFileReference; lastKnownFileType = wrapper.framework; name = Foundation.framework; path = System/Library/Frameworks/Foundation.framework; sourceTree = SDKROOT; };
		074F09E11948AAE700DD8FA7 /* CoreGraphics.framework */ = {isa = PBXFileReference; lastKnownFileType = wrapper.framework; name = CoreGraphics.framework; path = System/Library/Frameworks/CoreGraphics.framework; sourceTree = SDKROOT; };
		074F09E31948AAE700DD8FA7 /* UIKit.framework */ = {isa = PBXFileReference; lastKnownFileType = wrapper.framework; name = UIKit.framework; path = System/Library/Frameworks/UIKit.framework; sourceTree = SDKROOT; };
		074F09E71948AAE700DD8FA7 /* mba-Info.plist */ = {isa = PBXFileReference; lastKnownFileType = text.plist.xml; path = "mba-Info.plist"; sourceTree = "<group>"; };
		074F09E91948AAE700DD8FA7 /* en */ = {isa = PBXFileReference; lastKnownFileType = text.plist.strings; name = en; path = en.lproj/InfoPlist.strings; sourceTree = "<group>"; };
		074F09EB1948AAE700DD8FA7 /* main.m */ = {isa = PBXFileReference; lastKnownFileType = sourcecode.c.objc; path = main.m; sourceTree = "<group>"; };
		074F09ED1948AAE700DD8FA7 /* mba-Prefix.pch */ = {isa = PBXFileReference; lastKnownFileType = sourcecode.c.h; path = "mba-Prefix.pch"; sourceTree = "<group>"; };
		074F09EE1948AAE700DD8FA7 /* AppDelegate.h */ = {isa = PBXFileReference; lastKnownFileType = sourcecode.c.h; path = AppDelegate.h; sourceTree = "<group>"; };
		074F09EF1948AAE700DD8FA7 /* AppDelegate.m */ = {isa = PBXFileReference; lastKnownFileType = sourcecode.c.objc; path = AppDelegate.m; sourceTree = "<group>"; };
		074F09F21948AAE700DD8FA7 /* Base */ = {isa = PBXFileReference; lastKnownFileType = file.storyboard; name = Base; path = Base.lproj/Main.storyboard; sourceTree = "<group>"; };
		074F09FA1948AAE700DD8FA7 /* Images.xcassets */ = {isa = PBXFileReference; lastKnownFileType = folder.assetcatalog; path = Images.xcassets; sourceTree = "<group>"; };
		074F0A011948AAE700DD8FA7 /* XCTest.framework */ = {isa = PBXFileReference; lastKnownFileType = wrapper.framework; name = XCTest.framework; path = Library/Frameworks/XCTest.framework; sourceTree = DEVELOPER_DIR; };
		074F0A181948ABAB00DD8FA7 /* TopicViewController.h */ = {isa = PBXFileReference; fileEncoding = 4; lastKnownFileType = sourcecode.c.h; path = TopicViewController.h; sourceTree = "<group>"; };
		074F0A191948ABAB00DD8FA7 /* TopicViewController.m */ = {isa = PBXFileReference; fileEncoding = 4; lastKnownFileType = sourcecode.c.objc; path = TopicViewController.m; sourceTree = "<group>"; };
		074F0A1A1948ABAB00DD8FA7 /* ContactsViewController.h */ = {isa = PBXFileReference; fileEncoding = 4; lastKnownFileType = sourcecode.c.h; path = ContactsViewController.h; sourceTree = "<group>"; };
		074F0A1B1948ABAB00DD8FA7 /* ContactsViewController.m */ = {isa = PBXFileReference; fileEncoding = 4; lastKnownFileType = sourcecode.c.objc; path = ContactsViewController.m; sourceTree = "<group>"; };
		074F0A1E1948ABE100DD8FA7 /* BaseViewController.h */ = {isa = PBXFileReference; fileEncoding = 4; lastKnownFileType = sourcecode.c.h; path = BaseViewController.h; sourceTree = "<group>"; };
		074F0A1F1948ABE100DD8FA7 /* BaseViewController.m */ = {isa = PBXFileReference; fileEncoding = 4; lastKnownFileType = sourcecode.c.objc; path = BaseViewController.m; sourceTree = "<group>"; };
		07583D29195EFAF700E6C446 /* validation.h */ = {isa = PBXFileReference; fileEncoding = 4; lastKnownFileType = sourcecode.c.h; path = validation.h; sourceTree = "<group>"; };
		07583D2A195EFAF700E6C446 /* validation.m */ = {isa = PBXFileReference; fileEncoding = 4; lastKnownFileType = sourcecode.c.objc; path = validation.m; sourceTree = "<group>"; };
		07583D2E195F01A400E6C446 /* JSONModel+CoreData.h */ = {isa = PBXFileReference; fileEncoding = 4; lastKnownFileType = sourcecode.c.h; path = "JSONModel+CoreData.h"; sourceTree = "<group>"; };
		07583D2F195F01A400E6C446 /* JSONModel+CoreData.m */ = {isa = PBXFileReference; fileEncoding = 4; lastKnownFileType = sourcecode.c.objc; path = "JSONModel+CoreData.m"; sourceTree = "<group>"; };
		07583D30195F01A400E6C446 /* JSONModel.h */ = {isa = PBXFileReference; fileEncoding = 4; lastKnownFileType = sourcecode.c.h; path = JSONModel.h; sourceTree = "<group>"; };
		07583D31195F01A400E6C446 /* JSONModel.m */ = {isa = PBXFileReference; fileEncoding = 4; lastKnownFileType = sourcecode.c.objc; path = JSONModel.m; sourceTree = "<group>"; };
		07583D32195F01A400E6C446 /* JSONModelArray.h */ = {isa = PBXFileReference; fileEncoding = 4; lastKnownFileType = sourcecode.c.h; path = JSONModelArray.h; sourceTree = "<group>"; };
		07583D33195F01A400E6C446 /* JSONModelArray.m */ = {isa = PBXFileReference; fileEncoding = 4; lastKnownFileType = sourcecode.c.objc; path = JSONModelArray.m; sourceTree = "<group>"; };
		07583D34195F01A400E6C446 /* JSONModelClassProperty.h */ = {isa = PBXFileReference; fileEncoding = 4; lastKnownFileType = sourcecode.c.h; path = JSONModelClassProperty.h; sourceTree = "<group>"; };
		07583D35195F01A400E6C446 /* JSONModelClassProperty.m */ = {isa = PBXFileReference; fileEncoding = 4; lastKnownFileType = sourcecode.c.objc; path = JSONModelClassProperty.m; sourceTree = "<group>"; };
		07583D36195F01A400E6C446 /* JSONModelError.h */ = {isa = PBXFileReference; fileEncoding = 4; lastKnownFileType = sourcecode.c.h; path = JSONModelError.h; sourceTree = "<group>"; };
		07583D37195F01A400E6C446 /* JSONModelError.m */ = {isa = PBXFileReference; fileEncoding = 4; lastKnownFileType = sourcecode.c.objc; path = JSONModelError.m; sourceTree = "<group>"; };
		07583D39195F01A400E6C446 /* NSArray+JSONModel.h */ = {isa = PBXFileReference; fileEncoding = 4; lastKnownFileType = sourcecode.c.h; path = "NSArray+JSONModel.h"; sourceTree = "<group>"; };
		07583D3A195F01A400E6C446 /* NSArray+JSONModel.m */ = {isa = PBXFileReference; fileEncoding = 4; lastKnownFileType = sourcecode.c.objc; path = "NSArray+JSONModel.m"; sourceTree = "<group>"; };
		07583D3B195F01A400E6C446 /* JSONModelLib.h */ = {isa = PBXFileReference; fileEncoding = 4; lastKnownFileType = sourcecode.c.h; path = JSONModelLib.h; sourceTree = "<group>"; };
		07583D3D195F01A400E6C446 /* JSONAPI.h */ = {isa = PBXFileReference; fileEncoding = 4; lastKnownFileType = sourcecode.c.h; path = JSONAPI.h; sourceTree = "<group>"; };
		07583D3E195F01A400E6C446 /* JSONAPI.m */ = {isa = PBXFileReference; fileEncoding = 4; lastKnownFileType = sourcecode.c.objc; path = JSONAPI.m; sourceTree = "<group>"; };
		07583D3F195F01A400E6C446 /* JSONHTTPClient.h */ = {isa = PBXFileReference; fileEncoding = 4; lastKnownFileType = sourcecode.c.h; path = JSONHTTPClient.h; sourceTree = "<group>"; };
		07583D40195F01A400E6C446 /* JSONHTTPClient.m */ = {isa = PBXFileReference; fileEncoding = 4; lastKnownFileType = sourcecode.c.objc; path = JSONHTTPClient.m; sourceTree = "<group>"; };
		07583D41195F01A400E6C446 /* JSONModel+networking.h */ = {isa = PBXFileReference; fileEncoding = 4; lastKnownFileType = sourcecode.c.h; path = "JSONModel+networking.h"; sourceTree = "<group>"; };
		07583D42195F01A400E6C446 /* JSONModel+networking.m */ = {isa = PBXFileReference; fileEncoding = 4; lastKnownFileType = sourcecode.c.objc; path = "JSONModel+networking.m"; sourceTree = "<group>"; };
		07583D44195F01A400E6C446 /* JSONKeyMapper.h */ = {isa = PBXFileReference; fileEncoding = 4; lastKnownFileType = sourcecode.c.h; path = JSONKeyMapper.h; sourceTree = "<group>"; };
		07583D45195F01A400E6C446 /* JSONKeyMapper.m */ = {isa = PBXFileReference; fileEncoding = 4; lastKnownFileType = sourcecode.c.objc; path = JSONKeyMapper.m; sourceTree = "<group>"; };
		07583D46195F01A400E6C446 /* JSONValueTransformer.h */ = {isa = PBXFileReference; fileEncoding = 4; lastKnownFileType = sourcecode.c.h; path = JSONValueTransformer.h; sourceTree = "<group>"; };
		07583D47195F01A400E6C446 /* JSONValueTransformer.m */ = {isa = PBXFileReference; fileEncoding = 4; lastKnownFileType = sourcecode.c.objc; path = JSONValueTransformer.m; sourceTree = "<group>"; };
		07583D55195F025900E6C446 /* BaseModel.h */ = {isa = PBXFileReference; fileEncoding = 4; lastKnownFileType = sourcecode.c.h; path = BaseModel.h; sourceTree = "<group>"; };
		07583D56195F025900E6C446 /* BaseModel.m */ = {isa = PBXFileReference; fileEncoding = 4; lastKnownFileType = sourcecode.c.objc; path = BaseModel.m; sourceTree = "<group>"; };
		07583D58195F027400E6C446 /* BaseBusiness.h */ = {isa = PBXFileReference; fileEncoding = 4; lastKnownFileType = sourcecode.c.h; path = BaseBusiness.h; sourceTree = "<group>"; };
		07583D59195F027400E6C446 /* BaseBusiness.m */ = {isa = PBXFileReference; fileEncoding = 4; lastKnownFileType = sourcecode.c.objc; path = BaseBusiness.m; sourceTree = "<group>"; };
		07B2C7E6194A8EEE00F235B5 /* AMAlertView.h */ = {isa = PBXFileReference; fileEncoding = 4; lastKnownFileType = sourcecode.c.h; path = AMAlertView.h; sourceTree = "<group>"; };
		07B2C7E7194A8EEE00F235B5 /* AMAlertView.m */ = {isa = PBXFileReference; fileEncoding = 4; lastKnownFileType = sourcecode.c.objc; path = AMAlertView.m; sourceTree = "<group>"; };
		07B2C7E8194A8EEE00F235B5 /* UIView+Toast.h */ = {isa = PBXFileReference; fileEncoding = 4; lastKnownFileType = sourcecode.c.h; path = "UIView+Toast.h"; sourceTree = "<group>"; };
		07B2C7E9194A8EEE00F235B5 /* UIView+Toast.m */ = {isa = PBXFileReference; fileEncoding = 4; lastKnownFileType = sourcecode.c.objc; path = "UIView+Toast.m"; sourceTree = "<group>"; };
		07B2C7EA194A8EEE00F235B5 /* UIViewExt.h */ = {isa = PBXFileReference; fileEncoding = 4; lastKnownFileType = sourcecode.c.h; path = UIViewExt.h; sourceTree = "<group>"; };
		07B2C7EB194A8EEE00F235B5 /* UIViewExt.m */ = {isa = PBXFileReference; fileEncoding = 4; lastKnownFileType = sourcecode.c.objc; path = UIViewExt.m; sourceTree = "<group>"; };
		07B2C7F0194A8F4D00F235B5 /* MBProgressHUD.h */ = {isa = PBXFileReference; fileEncoding = 4; lastKnownFileType = sourcecode.c.h; path = MBProgressHUD.h; sourceTree = "<group>"; };
		07B2C7F1194A8F4D00F235B5 /* MBProgressHUD.m */ = {isa = PBXFileReference; fileEncoding = 4; lastKnownFileType = sourcecode.c.objc; path = MBProgressHUD.m; sourceTree = "<group>"; };
		07B2C7F3194A8F8200F235B5 /* PGToast.h */ = {isa = PBXFileReference; fileEncoding = 4; lastKnownFileType = sourcecode.c.h; path = PGToast.h; sourceTree = "<group>"; };
		07B2C7F4194A8F8200F235B5 /* PGToast.m */ = {isa = PBXFileReference; fileEncoding = 4; lastKnownFileType = sourcecode.c.objc; path = PGToast.m; sourceTree = "<group>"; };
		07B2C7F6194ADD3E00F235B5 /* ReferMeTableViewController.h */ = {isa = PBXFileReference; fileEncoding = 4; lastKnownFileType = sourcecode.c.h; path = ReferMeTableViewController.h; sourceTree = "<group>"; };
		07B2C7F7194ADD3E00F235B5 /* ReferMeTableViewController.m */ = {isa = PBXFileReference; fileEncoding = 4; lastKnownFileType = sourcecode.c.objc; path = ReferMeTableViewController.m; sourceTree = "<group>"; };
		07B2C7F9194AE80800F235B5 /* UIViewControllerEx.h */ = {isa = PBXFileReference; fileEncoding = 4; lastKnownFileType = sourcecode.c.h; path = UIViewControllerEx.h; sourceTree = "<group>"; };
		07B2C7FA194AE80800F235B5 /* UIViewControllerEx.m */ = {isa = PBXFileReference; fileEncoding = 4; lastKnownFileType = sourcecode.c.objc; path = UIViewControllerEx.m; sourceTree = "<group>"; };
		07B2C7FC194AEB4E00F235B5 /* LoginViewController.h */ = {isa = PBXFileReference; fileEncoding = 4; lastKnownFileType = sourcecode.c.h; path = LoginViewController.h; sourceTree = "<group>"; };
		07B2C7FD194AEB4E00F235B5 /* LoginViewController.m */ = {isa = PBXFileReference; fileEncoding = 4; lastKnownFileType = sourcecode.c.objc; path = LoginViewController.m; sourceTree = "<group>"; };
		07B2C7FF194AEB7C00F235B5 /* Regist1ViewController.h */ = {isa = PBXFileReference; fileEncoding = 4; lastKnownFileType = sourcecode.c.h; path = Regist1ViewController.h; sourceTree = "<group>"; };
		07B2C800194AEB7C00F235B5 /* Regist1ViewController.m */ = {isa = PBXFileReference; fileEncoding = 4; lastKnownFileType = sourcecode.c.objc; path = Regist1ViewController.m; sourceTree = "<group>"; };
		07B2C802194AEB9400F235B5 /* Regist2ViewController.h */ = {isa = PBXFileReference; fileEncoding = 4; lastKnownFileType = sourcecode.c.h; path = Regist2ViewController.h; sourceTree = "<group>"; };
		07B2C803194AEB9400F235B5 /* Regist2ViewController.m */ = {isa = PBXFileReference; fileEncoding = 4; lastKnownFileType = sourcecode.c.objc; path = Regist2ViewController.m; sourceTree = "<group>"; };
		07B2C805194AF17C00F235B5 /* GlobalVariables.h */ = {isa = PBXFileReference; fileEncoding = 4; lastKnownFileType = sourcecode.c.h; path = GlobalVariables.h; sourceTree = "<group>"; };
		07B2C806194AF17C00F235B5 /* GlobalVariables.m */ = {isa = PBXFileReference; fileEncoding = 4; lastKnownFileType = sourcecode.c.objc; path = GlobalVariables.m; sourceTree = "<group>"; };
/* End PBXFileReference section */

/* Begin PBXFrameworksBuildPhase section */
		074F09D91948AAE700DD8FA7 /* Frameworks */ = {
			isa = PBXFrameworksBuildPhase;
			buildActionMask = 2147483647;
			files = (
				074F09E21948AAE700DD8FA7 /* CoreGraphics.framework in Frameworks */,
				074F09E41948AAE700DD8FA7 /* UIKit.framework in Frameworks */,
				074F09E01948AAE700DD8FA7 /* Foundation.framework in Frameworks */,
			);
			runOnlyForDeploymentPostprocessing = 0;
		};
/* End PBXFrameworksBuildPhase section */

/* Begin PBXGroup section */
		074F09D31948AAE700DD8FA7 = {
			isa = PBXGroup;
			children = (
				074F09E51948AAE700DD8FA7 /* mba */,
				074F09DE1948AAE700DD8FA7 /* Frameworks */,
				074F09DD1948AAE700DD8FA7 /* Products */,
			);
			sourceTree = "<group>";
		};
		074F09DD1948AAE700DD8FA7 /* Products */ = {
			isa = PBXGroup;
			children = (
				074F09DC1948AAE700DD8FA7 /* mba.app */,
			);
			name = Products;
			sourceTree = "<group>";
		};
		074F09DE1948AAE700DD8FA7 /* Frameworks */ = {
			isa = PBXGroup;
			children = (
				074F09DF1948AAE700DD8FA7 /* Foundation.framework */,
				074F09E11948AAE700DD8FA7 /* CoreGraphics.framework */,
				074F09E31948AAE700DD8FA7 /* UIKit.framework */,
				074F0A011948AAE700DD8FA7 /* XCTest.framework */,
			);
			name = Frameworks;
			sourceTree = "<group>";
		};
		074F09E51948AAE700DD8FA7 /* mba */ = {
			isa = PBXGroup;
			children = (
				07583D54195F022B00E6C446 /* Business */,
				07583D53195F01E800E6C446 /* Model */,
				07B2C7E5194A8EEE00F235B5 /* Utils */,
				074F0A171948ABAB00DD8FA7 /* ViewControllers */,
				074F09EE1948AAE700DD8FA7 /* AppDelegate.h */,
				074F09EF1948AAE700DD8FA7 /* AppDelegate.m */,
				074F09F11948AAE700DD8FA7 /* Main.storyboard */,
				074F09FA1948AAE700DD8FA7 /* Images.xcassets */,
				074F09E61948AAE700DD8FA7 /* Supporting Files */,
			);
			path = mba;
			sourceTree = "<group>";
		};
		074F09E61948AAE700DD8FA7 /* Supporting Files */ = {
			isa = PBXGroup;
			children = (
				074F09E71948AAE700DD8FA7 /* mba-Info.plist */,
				074F09E81948AAE700DD8FA7 /* InfoPlist.strings */,
				074F09EB1948AAE700DD8FA7 /* main.m */,
				074F09ED1948AAE700DD8FA7 /* mba-Prefix.pch */,
			);
			name = "Supporting Files";
			sourceTree = "<group>";
		};
		074F0A171948ABAB00DD8FA7 /* ViewControllers */ = {
			isa = PBXGroup;
			children = (
				074F0A181948ABAB00DD8FA7 /* TopicViewController.h */,
				074F0A191948ABAB00DD8FA7 /* TopicViewController.m */,
				074F0A1A1948ABAB00DD8FA7 /* ContactsViewController.h */,
				074F0A1B1948ABAB00DD8FA7 /* ContactsViewController.m */,
				074F0A1E1948ABE100DD8FA7 /* BaseViewController.h */,
				074F0A1F1948ABE100DD8FA7 /* BaseViewController.m */,
				074BA4CC1949FC51007C8CA0 /* MeViewController.h */,
				074BA4CD1949FC51007C8CA0 /* MeViewController.m */,
				07B2C7F6194ADD3E00F235B5 /* ReferMeTableViewController.h */,
				07B2C7F7194ADD3E00F235B5 /* ReferMeTableViewController.m */,
				07B2C7FC194AEB4E00F235B5 /* LoginViewController.h */,
				07B2C7FD194AEB4E00F235B5 /* LoginViewController.m */,
				07B2C7FF194AEB7C00F235B5 /* Regist1ViewController.h */,
				07B2C800194AEB7C00F235B5 /* Regist1ViewController.m */,
				07B2C802194AEB9400F235B5 /* Regist2ViewController.h */,
				07B2C803194AEB9400F235B5 /* Regist2ViewController.m */,
			);
			path = ViewControllers;
			sourceTree = "<group>";
		};
		07583D28195EFAF700E6C446 /* ValidateIt Library */ = {
			isa = PBXGroup;
			children = (
				07583D29195EFAF700E6C446 /* validation.h */,
				07583D2A195EFAF700E6C446 /* validation.m */,
			);
			path = "ValidateIt Library";
			sourceTree = "<group>";
		};
		07583D2C195F01A400E6C446 /* JSONModel */ = {
			isa = PBXGroup;
			children = (
				07583D2D195F01A400E6C446 /* JSONModel */,
				07583D38195F01A400E6C446 /* JSONModelCategories */,
				07583D3B195F01A400E6C446 /* JSONModelLib.h */,
				07583D3C195F01A400E6C446 /* JSONModelNetworking */,
				07583D43195F01A400E6C446 /* JSONModelTransformations */,
			);
			path = JSONModel;
			sourceTree = "<group>";
		};
		07583D2D195F01A400E6C446 /* JSONModel */ = {
			isa = PBXGroup;
			children = (
				07583D2E195F01A400E6C446 /* JSONModel+CoreData.h */,
				07583D2F195F01A400E6C446 /* JSONModel+CoreData.m */,
				07583D30195F01A400E6C446 /* JSONModel.h */,
				07583D31195F01A400E6C446 /* JSONModel.m */,
				07583D32195F01A400E6C446 /* JSONModelArray.h */,
				07583D33195F01A400E6C446 /* JSONModelArray.m */,
				07583D34195F01A400E6C446 /* JSONModelClassProperty.h */,
				07583D35195F01A400E6C446 /* JSONModelClassProperty.m */,
				07583D36195F01A400E6C446 /* JSONModelError.h */,
				07583D37195F01A400E6C446 /* JSONModelError.m */,
			);
			path = JSONModel;
			sourceTree = "<group>";
		};
		07583D38195F01A400E6C446 /* JSONModelCategories */ = {
			isa = PBXGroup;
			children = (
				07583D39195F01A400E6C446 /* NSArray+JSONModel.h */,
				07583D3A195F01A400E6C446 /* NSArray+JSONModel.m */,
			);
			path = JSONModelCategories;
			sourceTree = "<group>";
		};
		07583D3C195F01A400E6C446 /* JSONModelNetworking */ = {
			isa = PBXGroup;
			children = (
				07583D3D195F01A400E6C446 /* JSONAPI.h */,
				07583D3E195F01A400E6C446 /* JSONAPI.m */,
				07583D3F195F01A400E6C446 /* JSONHTTPClient.h */,
				07583D40195F01A400E6C446 /* JSONHTTPClient.m */,
				07583D41195F01A400E6C446 /* JSONModel+networking.h */,
				07583D42195F01A400E6C446 /* JSONModel+networking.m */,
			);
			path = JSONModelNetworking;
			sourceTree = "<group>";
		};
		07583D43195F01A400E6C446 /* JSONModelTransformations */ = {
			isa = PBXGroup;
			children = (
				07583D44195F01A400E6C446 /* JSONKeyMapper.h */,
				07583D45195F01A400E6C446 /* JSONKeyMapper.m */,
				07583D46195F01A400E6C446 /* JSONValueTransformer.h */,
				07583D47195F01A400E6C446 /* JSONValueTransformer.m */,
			);
			path = JSONModelTransformations;
			sourceTree = "<group>";
		};
		07583D53195F01E800E6C446 /* Model */ = {
			isa = PBXGroup;
			children = (
				07583D55195F025900E6C446 /* BaseModel.h */,
				07583D56195F025900E6C446 /* BaseModel.m */,
			);
			path = Model;
			sourceTree = "<group>";
		};
		07583D54195F022B00E6C446 /* Business */ = {
			isa = PBXGroup;
			children = (
				07583D58195F027400E6C446 /* BaseBusiness.h */,
				07583D59195F027400E6C446 /* BaseBusiness.m */,
			);
			path = Business;
			sourceTree = "<group>";
		};
		07B2C7E5194A8EEE00F235B5 /* Utils */ = {
			isa = PBXGroup;
			children = (
				07583D2C195F01A400E6C446 /* JSONModel */,
				07583D28195EFAF700E6C446 /* ValidateIt Library */,
				07B2C7EF194A8F4D00F235B5 /* MBProgressHUD */,
				07B2C7E6194A8EEE00F235B5 /* AMAlertView.h */,
				07B2C7E7194A8EEE00F235B5 /* AMAlertView.m */,
				07B2C7E8194A8EEE00F235B5 /* UIView+Toast.h */,
				07B2C7E9194A8EEE00F235B5 /* UIView+Toast.m */,
				07B2C7EA194A8EEE00F235B5 /* UIViewExt.h */,
				07B2C7EB194A8EEE00F235B5 /* UIViewExt.m */,
				07B2C7F3194A8F8200F235B5 /* PGToast.h */,
				07B2C7F4194A8F8200F235B5 /* PGToast.m */,
				07B2C7F9194AE80800F235B5 /* UIViewControllerEx.h */,
				07B2C7FA194AE80800F235B5 /* UIViewControllerEx.m */,
				07B2C805194AF17C00F235B5 /* GlobalVariables.h */,
				07B2C806194AF17C00F235B5 /* GlobalVariables.m */,
			);
			path = Utils;
			sourceTree = "<group>";
		};
		07B2C7EF194A8F4D00F235B5 /* MBProgressHUD */ = {
			isa = PBXGroup;
			children = (
				07B2C7F0194A8F4D00F235B5 /* MBProgressHUD.h */,
				07B2C7F1194A8F4D00F235B5 /* MBProgressHUD.m */,
			);
			path = MBProgressHUD;
			sourceTree = "<group>";
		};
/* End PBXGroup section */

/* Begin PBXNativeTarget section */
		074F09DB1948AAE700DD8FA7 /* mba */ = {
			isa = PBXNativeTarget;
			buildConfigurationList = 074F0A111948AAE700DD8FA7 /* Build configuration list for PBXNativeTarget "mba" */;
			buildPhases = (
				074F09D81948AAE700DD8FA7 /* Sources */,
				074F09D91948AAE700DD8FA7 /* Frameworks */,
				074F09DA1948AAE700DD8FA7 /* Resources */,
			);
			buildRules = (
			);
			dependencies = (
			);
			name = mba;
			productName = mba;
			productReference = 074F09DC1948AAE700DD8FA7 /* mba.app */;
			productType = "com.apple.product-type.application";
		};
/* End PBXNativeTarget section */

/* Begin PBXProject section */
		074F09D41948AAE700DD8FA7 /* Project object */ = {
			isa = PBXProject;
			attributes = {
				LastUpgradeCheck = 0510;
			};
			buildConfigurationList = 074F09D71948AAE700DD8FA7 /* Build configuration list for PBXProject "mba" */;
			compatibilityVersion = "Xcode 3.2";
			developmentRegion = English;
			hasScannedForEncodings = 0;
			knownRegions = (
				en,
				Base,
			);
			mainGroup = 074F09D31948AAE700DD8FA7;
			productRefGroup = 074F09DD1948AAE700DD8FA7 /* Products */;
			projectDirPath = "";
			projectRoot = "";
			targets = (
				074F09DB1948AAE700DD8FA7 /* mba */,
			);
		};
/* End PBXProject section */

/* Begin PBXResourcesBuildPhase section */
		074F09DA1948AAE700DD8FA7 /* Resources */ = {
			isa = PBXResourcesBuildPhase;
			buildActionMask = 2147483647;
			files = (
				074F09FB1948AAE700DD8FA7 /* Images.xcassets in Resources */,
				074F09EA1948AAE700DD8FA7 /* InfoPlist.strings in Resources */,
				074F09F31948AAE700DD8FA7 /* Main.storyboard in Resources */,
			);
			runOnlyForDeploymentPostprocessing = 0;
		};
/* End PBXResourcesBuildPhase section */

/* Begin PBXSourcesBuildPhase section */
		074F09D81948AAE700DD8FA7 /* Sources */ = {
			isa = PBXSourcesBuildPhase;
			buildActionMask = 2147483647;
			files = (
				07B2C7F8194ADD3E00F235B5 /* ReferMeTableViewController.m in Sources */,
				07B2C804194AEB9400F235B5 /* Regist2ViewController.m in Sources */,
				07B2C7FB194AE80800F235B5 /* UIViewControllerEx.m in Sources */,
				07583D4E195F01A400E6C446 /* JSONAPI.m in Sources */,
				07B2C7ED194A8EEE00F235B5 /* UIView+Toast.m in Sources */,
				07583D4D195F01A400E6C446 /* NSArray+JSONModel.m in Sources */,
				07583D2B195EFAF700E6C446 /* validation.m in Sources */,
				074BA4CE1949FC51007C8CA0 /* MeViewController.m in Sources */,
				07583D4A195F01A400E6C446 /* JSONModelArray.m in Sources */,
				07B2C7FE194AEB4E00F235B5 /* LoginViewController.m in Sources */,
				07583D48195F01A400E6C446 /* JSONModel+CoreData.m in Sources */,
				07B2C7EC194A8EEE00F235B5 /* AMAlertView.m in Sources */,
				07583D49195F01A400E6C446 /* JSONModel.m in Sources */,
				07B2C801194AEB7C00F235B5 /* Regist1ViewController.m in Sources */,
				07B2C7F5194A8F8200F235B5 /* PGToast.m in Sources */,
				07583D52195F01A400E6C446 /* JSONValueTransformer.m in Sources */,
				074F0A1D1948ABAB00DD8FA7 /* ContactsViewController.m in Sources */,
				07B2C7EE194A8EEE00F235B5 /* UIViewExt.m in Sources */,
				07583D57195F025900E6C446 /* BaseModel.m in Sources */,
				07583D4C195F01A400E6C446 /* JSONModelError.m in Sources */,
				07583D51195F01A400E6C446 /* JSONKeyMapper.m in Sources */,
				07583D4B195F01A400E6C446 /* JSONModelClassProperty.m in Sources */,
				074F0A201948ABE100DD8FA7 /* BaseViewController.m in Sources */,
				07583D4F195F01A400E6C446 /* JSONHTTPClient.m in Sources */,
				07B2C807194AF17C00F235B5 /* GlobalVariables.m in Sources */,
				07583D50195F01A400E6C446 /* JSONModel+networking.m in Sources */,
				074F09F01948AAE700DD8FA7 /* AppDelegate.m in Sources */,
				07B2C7F2194A8F4D00F235B5 /* MBProgressHUD.m in Sources */,
				074F0A1C1948ABAB00DD8FA7 /* TopicViewController.m in Sources */,
				074F09EC1948AAE700DD8FA7 /* main.m in Sources */,
				07583D5A195F027400E6C446 /* BaseBusiness.m in Sources */,
			);
			runOnlyForDeploymentPostprocessing = 0;
		};
/* End PBXSourcesBuildPhase section */

/* Begin PBXVariantGroup section */
		074F09E81948AAE700DD8FA7 /* InfoPlist.strings */ = {
			isa = PBXVariantGroup;
			children = (
				074F09E91948AAE700DD8FA7 /* en */,
			);
			name = InfoPlist.strings;
			sourceTree = "<group>";
		};
		074F09F11948AAE700DD8FA7 /* Main.storyboard */ = {
			isa = PBXVariantGroup;
			children = (
				074F09F21948AAE700DD8FA7 /* Base */,
			);
			name = Main.storyboard;
			sourceTree = "<group>";
		};
/* End PBXVariantGroup section */

/* Begin XCBuildConfiguration section */
		074F0A0F1948AAE700DD8FA7 /* Debug */ = {
			isa = XCBuildConfiguration;
			buildSettings = {
				ALWAYS_SEARCH_USER_PATHS = NO;
				CLANG_CXX_LANGUAGE_STANDARD = "gnu++0x";
				CLANG_CXX_LIBRARY = "libc++";
				CLANG_ENABLE_MODULES = YES;
				CLANG_ENABLE_OBJC_ARC = YES;
				CLANG_WARN_BOOL_CONVERSION = YES;
				CLANG_WARN_CONSTANT_CONVERSION = YES;
				CLANG_WARN_DIRECT_OBJC_ISA_USAGE = YES_ERROR;
				CLANG_WARN_EMPTY_BODY = YES;
				CLANG_WARN_ENUM_CONVERSION = YES;
				CLANG_WARN_INT_CONVERSION = YES;
				CLANG_WARN_OBJC_ROOT_CLASS = YES_ERROR;
				CLANG_WARN__DUPLICATE_METHOD_MATCH = YES;
				"CODE_SIGN_IDENTITY[sdk=iphoneos*]" = "iPhone Developer";
				COPY_PHASE_STRIP = NO;
				GCC_C_LANGUAGE_STANDARD = gnu99;
				GCC_DYNAMIC_NO_PIC = NO;
				GCC_OPTIMIZATION_LEVEL = 0;
				GCC_PREPROCESSOR_DEFINITIONS = (
					"DEBUG=1",
					"$(inherited)",
				);
				GCC_SYMBOLS_PRIVATE_EXTERN = NO;
				GCC_WARN_64_TO_32_BIT_CONVERSION = YES;
				GCC_WARN_ABOUT_RETURN_TYPE = YES_ERROR;
				GCC_WARN_UNDECLARED_SELECTOR = YES;
				GCC_WARN_UNINITIALIZED_AUTOS = YES_AGGRESSIVE;
				GCC_WARN_UNUSED_FUNCTION = YES;
				GCC_WARN_UNUSED_VARIABLE = YES;
				IPHONEOS_DEPLOYMENT_TARGET = 7.1;
				ONLY_ACTIVE_ARCH = YES;
				SDKROOT = iphoneos;
			};
			name = Debug;
		};
		074F0A101948AAE700DD8FA7 /* Release */ = {
			isa = XCBuildConfiguration;
			buildSettings = {
				ALWAYS_SEARCH_USER_PATHS = NO;
				CLANG_CXX_LANGUAGE_STANDARD = "gnu++0x";
				CLANG_CXX_LIBRARY = "libc++";
				CLANG_ENABLE_MODULES = YES;
				CLANG_ENABLE_OBJC_ARC = YES;
				CLANG_WARN_BOOL_CONVERSION = YES;
				CLANG_WARN_CONSTANT_CONVERSION = YES;
				CLANG_WARN_DIRECT_OBJC_ISA_USAGE = YES_ERROR;
				CLANG_WARN_EMPTY_BODY = YES;
				CLANG_WARN_ENUM_CONVERSION = YES;
				CLANG_WARN_INT_CONVERSION = YES;
				CLANG_WARN_OBJC_ROOT_CLASS = YES_ERROR;
				CLANG_WARN__DUPLICATE_METHOD_MATCH = YES;
				"CODE_SIGN_IDENTITY[sdk=iphoneos*]" = "iPhone Developer";
				COPY_PHASE_STRIP = YES;
				ENABLE_NS_ASSERTIONS = NO;
				GCC_C_LANGUAGE_STANDARD = gnu99;
				GCC_WARN_64_TO_32_BIT_CONVERSION = YES;
				GCC_WARN_ABOUT_RETURN_TYPE = YES_ERROR;
				GCC_WARN_UNDECLARED_SELECTOR = YES;
				GCC_WARN_UNINITIALIZED_AUTOS = YES_AGGRESSIVE;
				GCC_WARN_UNUSED_FUNCTION = YES;
				GCC_WARN_UNUSED_VARIABLE = YES;
				IPHONEOS_DEPLOYMENT_TARGET = 7.1;
				SDKROOT = iphoneos;
				VALIDATE_PRODUCT = YES;
			};
			name = Release;
		};
		074F0A121948AAE700DD8FA7 /* Debug */ = {
			isa = XCBuildConfiguration;
			buildSettings = {
				ASSETCATALOG_COMPILER_APPICON_NAME = AppIcon;
				ASSETCATALOG_COMPILER_LAUNCHIMAGE_NAME = LaunchImage;
				GCC_PRECOMPILE_PREFIX_HEADER = YES;
				GCC_PREFIX_HEADER = "mba/mba-Prefix.pch";
				INFOPLIST_FILE = "mba/mba-Info.plist";
				PRODUCT_NAME = "$(TARGET_NAME)";
				WRAPPER_EXTENSION = app;
			};
			name = Debug;
		};
		074F0A131948AAE700DD8FA7 /* Release */ = {
			isa = XCBuildConfiguration;
			buildSettings = {
				ASSETCATALOG_COMPILER_APPICON_NAME = AppIcon;
				ASSETCATALOG_COMPILER_LAUNCHIMAGE_NAME = LaunchImage;
				GCC_PRECOMPILE_PREFIX_HEADER = YES;
				GCC_PREFIX_HEADER = "mba/mba-Prefix.pch";
				INFOPLIST_FILE = "mba/mba-Info.plist";
				PRODUCT_NAME = "$(TARGET_NAME)";
				WRAPPER_EXTENSION = app;
			};
			name = Release;
		};
/* End XCBuildConfiguration section */

/* Begin XCConfigurationList section */
		074F09D71948AAE700DD8FA7 /* Build configuration list for PBXProject "mba" */ = {
			isa = XCConfigurationList;
			buildConfigurations = (
				074F0A0F1948AAE700DD8FA7 /* Debug */,
				074F0A101948AAE700DD8FA7 /* Release */,
			);
			defaultConfigurationIsVisible = 0;
			defaultConfigurationName = Release;
		};
		074F0A111948AAE700DD8FA7 /* Build configuration list for PBXNativeTarget "mba" */ = {
			isa = XCConfigurationList;
			buildConfigurations = (
				074F0A121948AAE700DD8FA7 /* Debug */,
				074F0A131948AAE700DD8FA7 /* Release */,
			);
			defaultConfigurationIsVisible = 0;
			defaultConfigurationName = Release;
		};
/* End XCConfigurationList section */
	};
	rootObject = 074F09D41948AAE700DD8FA7 /* Project object */;
}
